// !$*UTF8*$!
{
	archiveVersion = 1;
	classes = {
	};
	objectVersion = 77;
	objects = {

/* Begin PBXContainerItemProxy section */
		6FF3D37B2EBB34840022B8BC /* PBXContainerItemProxy */ = {
			isa = PBXContainerItemProxy;
			containerPortal = 6FF3D35C2EBB34820022B8BC /* Project object */;
			proxyType = 1;
			remoteGlobalIDString = 6FF3D3632EBB34820022B8BC;
			remoteInfo = Cloudyyy_App;
		};
		6FF3D3852EBB34840022B8BC /* PBXContainerItemProxy */ = {
			isa = PBXContainerItemProxy;
			containerPortal = 6FF3D35C2EBB34820022B8BC /* Project object */;
			proxyType = 1;
			remoteGlobalIDString = 6FF3D3632EBB34820022B8BC;
			remoteInfo = Cloudyyy_App;
		};
/* End PBXContainerItemProxy section */

/* Begin PBXFileReference section */
		6FF3D3642EBB34820022B8BC /* Cloudyyy_App.app */ = {isa = PBXFileReference; explicitFileType = wrapper.application; includeInIndex = 0; path = Cloudyyy_App.app; sourceTree = BUILT_PRODUCTS_DIR; };
		6FF3D37A2EBB34840022B8BC /* Cloudyyy_AppTests.xctest */ = {isa = PBXFileReference; explicitFileType = wrapper.cfbundle; includeInIndex = 0; path = Cloudyyy_AppTests.xctest; sourceTree = BUILT_PRODUCTS_DIR; };
		6FF3D3842EBB34840022B8BC /* Cloudyyy_AppUITests.xctest */ = {isa = PBXFileReference; explicitFileType = wrapper.cfbundle; includeInIndex = 0; path = Cloudyyy_AppUITests.xctest; sourceTree = BUILT_PRODUCTS_DIR; };
/* End PBXFileReference section */

/* Begin PBXFileSystemSynchronizedBuildFileExceptionSet section */
		6FF3D38C2EBB34840022B8BC /* Exceptions for "Cloudyyy_App" folder in "Cloudyyy_App" target */ = {
			isa = PBXFileSystemSynchronizedBuildFileExceptionSet;
			membershipExceptions = (
				Info.plist,
			);
			target = 6FF3D3632EBB34820022B8BC /* Cloudyyy_App */;
		};
/* End PBXFileSystemSynchronizedBuildFileExceptionSet section */

/* Begin PBXFileSystemSynchronizedRootGroup section */
		6FF3D3662EBB34820022B8BC /* Cloudyyy_App */ = {
			isa = PBXFileSystemSynchronizedRootGroup;
			exceptions = (
				6FF3D38C2EBB34840022B8BC /* Exceptions for "Cloudyyy_App" folder in "Cloudyyy_App" target */,
			);
			path = Cloudyyy_App;
			sourceTree = "<group>";
		};
		6FF3D37D2EBB34840022B8BC /* Cloudyyy_AppTests */ = {
			isa = PBXFileSystemSynchronizedRootGroup;
			path = Cloudyyy_AppTests;
			sourceTree = "<group>";
		};
		6FF3D3872EBB34840022B8BC /* Cloudyyy_AppUITests */ = {
			isa = PBXFileSystemSynchronizedRootGroup;
			path = Cloudyyy_AppUITests;
			sourceTree = "<group>";
		};
/* End PBXFileSystemSynchronizedRootGroup section */

/* Begin PBXFrameworksBuildPhase section */
		6FF3D3612EBB34820022B8BC /* Frameworks */ = {
			isa = PBXFrameworksBuildPhase;
			buildActionMask = 2147483647;
			files = (
			);
			runOnlyForDeploymentPostprocessing = 0;
		};
		6FF3D3772EBB34840022B8BC /* Frameworks */ = {
			isa = PBXFrameworksBuildPhase;
			buildActionMask = 2147483647;
			files = (
			);
			runOnlyForDeploymentPostprocessing = 0;
		};
		6FF3D3812EBB34840022B8BC /* Frameworks */ = {
			isa = PBXFrameworksBuildPhase;
			buildActionMask = 2147483647;
			files = (
			);
			runOnlyForDeploymentPostprocessing = 0;
		};
/* End PBXFrameworksBuildPhase section */

/* Begin PBXGroup section */
		6FF3D35B2EBB34820022B8BC = {
			isa = PBXGroup;
			children = (
				6FF3D3662EBB34820022B8BC /* Cloudyyy_App */,
				6FF3D37D2EBB34840022B8BC /* Cloudyyy_AppTests */,
				6FF3D3872EBB34840022B8BC /* Cloudyyy_AppUITests */,
				6FF3D3652EBB34820022B8BC /* Products */,
			);
			sourceTree = "<group>";
		};
		6FF3D3652EBB34820022B8BC /* Products */ = {
			isa = PBXGroup;
			children = (
				6FF3D3642EBB34820022B8BC /* Cloudyyy_App.app */,
				6FF3D37A2EBB34840022B8BC /* Cloudyyy_AppTests.xctest */,
				6FF3D3842EBB34840022B8BC /* Cloudyyy_AppUITests.xctest */,
			);
			name = Products;
			sourceTree = "<group>";
		};
/* End PBXGroup section */

/* Begin PBXNativeTarget section */
		6FF3D3632EBB34820022B8BC /* Cloudyyy_App */ = {
			isa = PBXNativeTarget;
			buildConfigurationList = 6FF3D38D2EBB34840022B8BC /* Build configuration list for PBXNativeTarget "Cloudyyy_App" */;
			buildPhases = (
				6FF3D3602EBB34820022B8BC /* Sources */,
				6FF3D3612EBB34820022B8BC /* Frameworks */,
				6FF3D3622EBB34820022B8BC /* Resources */,
			);
			buildRules = (
			);
			dependencies = (
			);
			fileSystemSynchronizedGroups = (
				6FF3D3662EBB34820022B8BC /* Cloudyyy_App */,
			);
			name = Cloudyyy_App;
			packageProductDependencies = (
			);
			productName = Cloudyyy_App;
			productReference = 6FF3D3642EBB34820022B8BC /* Cloudyyy_App.app */;
			productType = "com.apple.product-type.application";
		};
		6FF3D3792EBB34840022B8BC /* Cloudyyy_AppTests */ = {
			isa = PBXNativeTarget;
			buildConfigurationList = 6FF3D3922EBB34840022B8BC /* Build configuration list for PBXNativeTarget "Cloudyyy_AppTests" */;
			buildPhases = (
				6FF3D3762EBB34840022B8BC /* Sources */,
				6FF3D3772EBB34840022B8BC /* Frameworks */,
				6FF3D3782EBB34840022B8BC /* Resources */,
			);
			buildRules = (
			);
			dependencies = (
				6FF3D37C2EBB34840022B8BC /* PBXTargetDependency */,
			);
			fileSystemSynchronizedGroups = (
				6FF3D37D2EBB34840022B8BC /* Cloudyyy_AppTests */,
			);
			name = Cloudyyy_AppTests;
			packageProductDependencies = (
			);
			productName = Cloudyyy_AppTests;
			productReference = 6FF3D37A2EBB34840022B8BC /* Cloudyyy_AppTests.xctest */;
			productType = "com.apple.product-type.bundle.unit-test";
		};
		6FF3D3832EBB34840022B8BC /* Cloudyyy_AppUITests */ = {
			isa = PBXNativeTarget;
			buildConfigurationList = 6FF3D3952EBB34840022B8BC /* Build configuration list for PBXNativeTarget "Cloudyyy_AppUITests" */;
			buildPhases = (
				6FF3D3802EBB34840022B8BC /* Sources */,
				6FF3D3812EBB34840022B8BC /* Frameworks */,
				6FF3D3822EBB34840022B8BC /* Resources */,
			);
			buildRules = (
			);
			dependencies = (
				6FF3D3862EBB34840022B8BC /* PBXTargetDependency */,
			);
			fileSystemSynchronizedGroups = (
				6FF3D3872EBB34840022B8BC /* Cloudyyy_AppUITests */,
			);
			name = Cloudyyy_AppUITests;
			packageProductDependencies = (
			);
			productName = Cloudyyy_AppUITests;
			productReference = 6FF3D3842EBB34840022B8BC /* Cloudyyy_AppUITests.xctest */;
			productType = "com.apple.product-type.bundle.ui-testing";
		};
/* End PBXNativeTarget section */

/* Begin PBXProject section */
		6FF3D35C2EBB34820022B8BC /* Project object */ = {
			isa = PBXProject;
			attributes = {
				BuildIndependentTargetsInParallel = 1;
				LastSwiftUpdateCheck = 2600;
				LastUpgradeCheck = 2600;
				TargetAttributes = {
					6FF3D3632EBB34820022B8BC = {
						CreatedOnToolsVersion = 26.0.1;
					};
					6FF3D3792EBB34840022B8BC = {
						CreatedOnToolsVersion = 26.0.1;
						TestTargetID = 6FF3D3632EBB34820022B8BC;
					};
					6FF3D3832EBB34840022B8BC = {
						CreatedOnToolsVersion = 26.0.1;
						TestTargetID = 6FF3D3632EBB34820022B8BC;
					};
				};
			};
			buildConfigurationList = 6FF3D35F2EBB34820022B8BC /* Build configuration list for PBXProject "Cloudyyy_App" */;
			developmentRegion = en;
			hasScannedForEncodings = 0;
			knownRegions = (
				en,
				Base,
			);
			mainGroup = 6FF3D35B2EBB34820022B8BC;
			minimizedProjectReferenceProxies = 1;
			preferredProjectObjectVersion = 77;
			productRefGroup = 6FF3D3652EBB34820022B8BC /* Products */;
			projectDirPath = "";
			projectRoot = "";
			targets = (
				6FF3D3632EBB34820022B8BC /* Cloudyyy_App */,
				6FF3D3792EBB34840022B8BC /* Cloudyyy_AppTests */,
				6FF3D3832EBB34840022B8BC /* Cloudyyy_AppUITests */,
			);
		};
/* End PBXProject section */

/* Begin PBXResourcesBuildPhase section */
		6FF3D3622EBB34820022B8BC /* Resources */ = {
			isa = PBXResourcesBuildPhase;
			buildActionMask = 2147483647;
			files = (
			);
			runOnlyForDeploymentPostprocessing = 0;
		};
		6FF3D3782EBB34840022B8BC /* Resources */ = {
			isa = PBXResourcesBuildPhase;
			buildActionMask = 2147483647;
			files = (
			);
			runOnlyForDeploymentPostprocessing = 0;
		};
		6FF3D3822EBB34840022B8BC /* Resources */ = {
			isa = PBXResourcesBuildPhase;
			buildActionMask = 2147483647;
			files = (
			);
			runOnlyForDeploymentPostprocessing = 0;
		};
/* End PBXResourcesBuildPhase section */

/* Begin PBXSourcesBuildPhase section */
		6FF3D3602EBB34820022B8BC /* Sources */ = {
			isa = PBXSourcesBuildPhase;
			buildActionMask = 2147483647;
			files = (
			);
			runOnlyForDeploymentPostprocessing = 0;
		};
		6FF3D3762EBB34840022B8BC /* Sources */ = {
			isa = PBXSourcesBuildPhase;
			buildActionMask = 2147483647;
			files = (
			);
			runOnlyForDeploymentPostprocessing = 0;
		};
		6FF3D3802EBB34840022B8BC /* Sources */ = {
			isa = PBXSourcesBuildPhase;
			buildActionMask = 2147483647;
			files = (
			);
			runOnlyForDeploymentPostprocessing = 0;
		};
/* End PBXSourcesBuildPhase section */

/* Begin PBXTargetDependency section */
		6FF3D37C2EBB34840022B8BC /* PBXTargetDependency */ = {
			isa = PBXTargetDependency;
			target = 6FF3D3632EBB34820022B8BC /* Cloudyyy_App */;
			targetProxy = 6FF3D37B2EBB34840022B8BC /* PBXContainerItemProxy */;
		};
		6FF3D3862EBB34840022B8BC /* PBXTargetDependency */ = {
			isa = PBXTargetDependency;
			target = 6FF3D3632EBB34820022B8BC /* Cloudyyy_App */;
			targetProxy = 6FF3D3852EBB34840022B8BC /* PBXContainerItemProxy */;
		};
/* End PBXTargetDependency section */

/* Begin XCBuildConfiguration section */
		6FF3D38E2EBB34840022B8BC /* Debug */ = {
			isa = XCBuildConfiguration;
			buildSettings = {
				ASSETCATALOG_COMPILER_APPICON_NAME = AppIcon;
				ASSETCATALOG_COMPILER_GLOBAL_ACCENT_COLOR_NAME = AccentColor;
				CODE_SIGN_STYLE = Automatic;
				CURRENT_PROJECT_VERSION = 1;
				GENERATE_INFOPLIST_FILE = YES;
				INFOPLIST_FILE = Cloudyyy_App/Info.plist;
				INFOPLIST_KEY_UIApplicationSupportsIndirectInputEvents = YES;
				INFOPLIST_KEY_UILaunchStoryboardName = LaunchScreen;
				INFOPLIST_KEY_UIMainStoryboardFile = Main;
				INFOPLIST_KEY_UISupportedInterfaceOrientations_iPad = "UIInterfaceOrientationPortrait UIInterfaceOrientationPortraitUpsideDown UIInterfaceOrientationLandscapeLeft UIInterfaceOrientationLandscapeRight";
				INFOPLIST_KEY_UISupportedInterfaceOrientations_iPhone = "UIInterfaceOrientationPortrait UIInterfaceOrientationLandscapeLeft UIInterfaceOrientationLandscapeRight";
				LD_RUNPATH_SEARCH_PATHS = (
					"$(inherited)",
					"@executable_path/Frameworks",
				);
				MARKETING_VERSION = 1.0;
				PRODUCT_BUNDLE_IDENTIFIER = "com.guruprasaath.Cloudyyy-App";
				PRODUCT_NAME = "$(TARGET_NAME)";
				STRING_CATALOG_GENERATE_SYMBOLS = YES;
				SWIFT_APPROACHABLE_CONCURRENCY = YES;
				SWIFT_DEFAULT_ACTOR_ISOLATION = MainActor;
				SWIFT_EMIT_LOC_STRINGS = YES;
				SWIFT_UPCOMING_FEATURE_MEMBER_IMPORT_VISIBILITY = YES;
				SWIFT_VERSION = 5.0;
				TARGETED_DEVICE_FAMILY = "1,2";
			};
			name = Debug;
		};
		6FF3D38F2EBB34840022B8BC /* Release */ = {
			isa = XCBuildConfiguration;
			buildSettings = {
				ASSETCATALOG_COMPILER_APPICON_NAME = AppIcon;
				ASSETCATALOG_COMPILER_GLOBAL_ACCENT_COLOR_NAME = AccentColor;
				CODE_SIGN_STYLE = Automatic;
				CURRENT_PROJECT_VERSION = 1;
				GENERATE_INFOPLIST_FILE = YES;
				INFOPLIST_FILE = Cloudyyy_App/Info.plist;
				INFOPLIST_KEY_UIApplicationSupportsIndirectInputEvents = YES;
				INFOPLIST_KEY_UILaunchStoryboardName = LaunchScreen;
				INFOPLIST_KEY_UIMainStoryboardFile = Main;
				INFOPLIST_KEY_UISupportedInterfaceOrientations_iPad = "UIInterfaceOrientationPortrait UIInterfaceOrientationPortraitUpsideDown UIInterfaceOrientationLandscapeLeft UIInterfaceOrientationLandscapeRight";
				INFOPLIST_KEY_UISupportedInterfaceOrientations_iPhone = "UIInterfaceOrientationPortrait UIInterfaceOrientationLandscapeLeft UIInterfaceOrientationLandscapeRight";
				LD_RUNPATH_SEARCH_PATHS = (
					"$(inherited)",
					"@executable_path/Frameworks",
				);
				MARKETING_VERSION = 1.0;
				PRODUCT_BUNDLE_IDENTIFIER = "com.guruprasaath.Cloudyyy-App";
				PRODUCT_NAME = "$(TARGET_NAME)";
				STRING_CATALOG_GENERATE_SYMBOLS = YES;
				SWIFT_APPROACHABLE_CONCURRENCY = YES;
				SWIFT_DEFAULT_ACTOR_ISOLATION = MainActor;
				SWIFT_EMIT_LOC_STRINGS = YES;
				SWIFT_UPCOMING_FEATURE_MEMBER_IMPORT_VISIBILITY = YES;
				SWIFT_VERSION = 5.0;
				TARGETED_DEVICE_FAMILY = "1,2";
			};
			name = Release;
		};
		6FF3D3902EBB34840022B8BC /* Debug */ = {
			isa = XCBuildConfiguration;
			buildSettings = {
				ALWAYS_SEARCH_USER_PATHS = NO;
				ASSETCATALOG_COMPILER_GENERATE_SWIFT_ASSET_SYMBOL_EXTENSIONS = YES;
				CLANG_ANALYZER_NONNULL = YES;
				CLANG_ANALYZER_NUMBER_OBJECT_CONVERSION = YES_AGGRESSIVE;
				CLANG_CXX_LANGUAGE_STANDARD = "gnu++20";
				CLANG_ENABLE_MODULES = YES;
				CLANG_ENABLE_OBJC_ARC = YES;
				CLANG_ENABLE_OBJC_WEAK = YES;
				CLANG_WARN_BLOCK_CAPTURE_AUTORELEASING = YES;
				CLANG_WARN_BOOL_CONVERSION = YES;
				CLANG_WARN_COMMA = YES;
				CLANG_WARN_CONSTANT_CONVERSION = YES;
				CLANG_WARN_DEPRECATED_OBJC_IMPLEMENTATIONS = YES;
				CLANG_WARN_DIRECT_OBJC_ISA_USAGE = YES_ERROR;
				CLANG_WARN_DOCUMENTATION_COMMENTS = YES;
				CLANG_WARN_EMPTY_BODY = YES;
				CLANG_WARN_ENUM_CONVERSION = YES;
				CLANG_WARN_INFINITE_RECURSION = YES;
				CLANG_WARN_INT_CONVERSION = YES;
				CLANG_WARN_NON_LITERAL_NULL_CONVERSION = YES;
				CLANG_WARN_OBJC_IMPLICIT_RETAIN_SELF = YES;
				CLANG_WARN_OBJC_LITERAL_CONVERSION = YES;
				CLANG_WARN_OBJC_ROOT_CLASS = YES_ERROR;
				CLANG_WARN_QUOTED_INCLUDE_IN_FRAMEWORK_HEADER = YES;
				CLANG_WARN_RANGE_LOOP_ANALYSIS = YES;
				CLANG_WARN_STRICT_PROTOTYPES = YES;
				CLANG_WARN_SUSPICIOUS_MOVE = YES;
				CLANG_WARN_UNGUARDED_AVAILABILITY = YES_AGGRESSIVE;
				CLANG_WARN_UNREACHABLE_CODE = YES;
				CLANG_WARN__DUPLICATE_METHOD_MATCH = YES;
				COPY_PHASE_STRIP = NO;
				DEBUG_INFORMATION_FORMAT = dwarf;
				ENABLE_STRICT_OBJC_MSGSEND = YES;
				ENABLE_TESTABILITY = YES;
				ENABLE_USER_SCRIPT_SANDBOXING = YES;
				GCC_C_LANGUAGE_STANDARD = gnu17;
				GCC_DYNAMIC_NO_PIC = NO;
				GCC_NO_COMMON_BLOCKS = YES;
				GCC_OPTIMIZATION_LEVEL = 0;
				GCC_PREPROCESSOR_DEFINITIONS = (
					"DEBUG=1",
					"$(inherited)",
				);
				GCC_WARN_64_TO_32_BIT_CONVERSION = YES;
				GCC_WARN_ABOUT_RETURN_TYPE = YES_ERROR;
				GCC_WARN_UNDECLARED_SELECTOR = YES;
				GCC_WARN_UNINITIALIZED_AUTOS = YES_AGGRESSIVE;
				GCC_WARN_UNUSED_FUNCTION = YES;
				GCC_WARN_UNUSED_VARIABLE = YES;
				IPHONEOS_DEPLOYMENT_TARGET = 18.0;
				LOCALIZATION_PREFERS_STRING_CATALOGS = YES;
				MTL_ENABLE_DEBUG_INFO = INCLUDE_SOURCE;
				MTL_FAST_MATH = YES;
				ONLY_ACTIVE_ARCH = YES;
				SDKROOT = iphoneos;
				SWIFT_ACTIVE_COMPILATION_CONDITIONS = "DEBUG $(inherited)";
				SWIFT_OPTIMIZATION_LEVEL = "-Onone";
			};
			name = Debug;
		};
		6FF3D3912EBB34840022B8BC /* Release */ = {
			isa = XCBuildConfiguration;
			buildSettings = {
				ALWAYS_SEARCH_USER_PATHS = NO;
				ASSETCATALOG_COMPILER_GENERATE_SWIFT_ASSET_SYMBOL_EXTENSIONS = YES;
				CLANG_ANALYZER_NONNULL = YES;
				CLANG_ANALYZER_NUMBER_OBJECT_CONVERSION = YES_AGGRESSIVE;
				CLANG_CXX_LANGUAGE_STANDARD = "gnu++20";
				CLANG_ENABLE_MODULES = YES;
				CLANG_ENABLE_OBJC_ARC = YES;
				CLANG_ENABLE_OBJC_WEAK = YES;
				CLANG_WARN_BLOCK_CAPTURE_AUTORELEASING = YES;
				CLANG_WARN_BOOL_CONVERSION = YES;
				CLANG_WARN_COMMA = YES;
				CLANG_WARN_CONSTANT_CONVERSION = YES;
				CLANG_WARN_DEPRECATED_OBJC_IMPLEMENTATIONS = YES;
				CLANG_WARN_DIRECT_OBJC_ISA_USAGE = YES_ERROR;
				CLANG_WARN_DOCUMENTATION_COMMENTS = YES;
				CLANG_WARN_EMPTY_BODY = YES;
				CLANG_WARN_ENUM_CONVERSION = YES;
				CLANG_WARN_INFINITE_RECURSION = YES;
				CLANG_WARN_INT_CONVERSION = YES;
				CLANG_WARN_NON_LITERAL_NULL_CONVERSION = YES;
				CLANG_WARN_OBJC_IMPLICIT_RETAIN_SELF = YES;
				CLANG_WARN_OBJC_LITERAL_CONVERSION = YES;
				CLANG_WARN_OBJC_ROOT_CLASS = YES_ERROR;
				CLANG_WARN_QUOTED_INCLUDE_IN_FRAMEWORK_HEADER = YES;
				CLANG_WARN_RANGE_LOOP_ANALYSIS = YES;
				CLANG_WARN_STRICT_PROTOTYPES = YES;
				CLANG_WARN_SUSPICIOUS_MOVE = YES;
				CLANG_WARN_UNGUARDED_AVAILABILITY = YES_AGGRESSIVE;
				CLANG_WARN_UNREACHABLE_CODE = YES;
				CLANG_WARN__DUPLICATE_METHOD_MATCH = YES;
				COPY_PHASE_STRIP = NO;
				DEBUG_INFORMATION_FORMAT = "dwarf-with-dsym";
				ENABLE_NS_ASSERTIONS = NO;
				ENABLE_STRICT_OBJC_MSGSEND = YES;
				ENABLE_USER_SCRIPT_SANDBOXING = YES;
				GCC_C_LANGUAGE_STANDARD = gnu17;
				GCC_NO_COMMON_BLOCKS = YES;
				GCC_WARN_64_TO_32_BIT_CONVERSION = YES;
				GCC_WARN_ABOUT_RETURN_TYPE = YES_ERROR;
				GCC_WARN_UNDECLARED_SELECTOR = YES;
				GCC_WARN_UNINITIALIZED_AUTOS = YES_AGGRESSIVE;
				GCC_WARN_UNUSED_FUNCTION = YES;
				GCC_WARN_UNUSED_VARIABLE = YES;
				IPHONEOS_DEPLOYMENT_TARGET = 18.0;
				LOCALIZATION_PREFERS_STRING_CATALOGS = YES;
				MTL_ENABLE_DEBUG_INFO = NO;
				MTL_FAST_MATH = YES;
				SDKROOT = iphoneos;
				SWIFT_COMPILATION_MODE = wholemodule;
				VALIDATE_PRODUCT = YES;
			};
			name = Release;
		};
		6FF3D3932EBB34840022B8BC /* Debug */ = {
			isa = XCBuildConfiguration;
			buildSettings = {
				BUNDLE_LOADER = "$(TEST_HOST)";
				CODE_SIGN_STYLE = Automatic;
				CURRENT_PROJECT_VERSION = 1;
				GENERATE_INFOPLIST_FILE = YES;
				IPHONEOS_DEPLOYMENT_TARGET = 26.0;
				MARKETING_VERSION = 1.0;
				PRODUCT_BUNDLE_IDENTIFIER = "com.guruprasaath.Cloudyyy-AppTests";
				PRODUCT_NAME = "$(TARGET_NAME)";
				STRING_CATALOG_GENERATE_SYMBOLS = NO;
				SWIFT_APPROACHABLE_CONCURRENCY = YES;
				SWIFT_EMIT_LOC_STRINGS = NO;
				SWIFT_UPCOMING_FEATURE_MEMBER_IMPORT_VISIBILITY = YES;
				SWIFT_VERSION = 5.0;
				TARGETED_DEVICE_FAMILY = "1,2";
				TEST_HOST = "$(BUILT_PRODUCTS_DIR)/Cloudyyy_App.app/$(BUNDLE_EXECUTABLE_FOLDER_PATH)/Cloudyyy_App";
			};
			name = Debug;
		};
		6FF3D3942EBB34840022B8BC /* Release */ = {
			isa = XCBuildConfiguration;
			buildSettings = {
				BUNDLE_LOADER = "$(TEST_HOST)";
				CODE_SIGN_STYLE = Automatic;
				CURRENT_PROJECT_VERSION = 1;
				GENERATE_INFOPLIST_FILE = YES;
				IPHONEOS_DEPLOYMENT_TARGET = 26.0;
				MARKETING_VERSION = 1.0;
				PRODUCT_BUNDLE_IDENTIFIER = "com.guruprasaath.Cloudyyy-AppTests";
				PRODUCT_NAME = "$(TARGET_NAME)";
				STRING_CATALOG_GENERATE_SYMBOLS = NO;
				SWIFT_APPROACHABLE_CONCURRENCY = YES;
				SWIFT_EMIT_LOC_STRINGS = NO;
				SWIFT_UPCOMING_FEATURE_MEMBER_IMPORT_VISIBILITY = YES;
				SWIFT_VERSION = 5.0;
				TARGETED_DEVICE_FAMILY = "1,2";
				TEST_HOST = "$(BUILT_PRODUCTS_DIR)/Cloudyyy_App.app/$(BUNDLE_EXECUTABLE_FOLDER_PATH)/Cloudyyy_App";
			};
			name = Release;
		};
		6FF3D3962EBB34840022B8BC /* Debug */ = {
			isa = XCBuildConfiguration;
			buildSettings = {
				CODE_SIGN_STYLE = Automatic;
				CURRENT_PROJECT_VERSION = 1;
				GENERATE_INFOPLIST_FILE = YES;
				MARKETING_VERSION = 1.0;
				PRODUCT_BUNDLE_IDENTIFIER = "com.guruprasaath.Cloudyyy-AppUITests";
				PRODUCT_NAME = "$(TARGET_NAME)";
				STRING_CATALOG_GENERATE_SYMBOLS = NO;
				SWIFT_APPROACHABLE_CONCURRENCY = YES;
				SWIFT_EMIT_LOC_STRINGS = NO;
				SWIFT_UPCOMING_FEATURE_MEMBER_IMPORT_VISIBILITY = YES;
				SWIFT_VERSION = 5.0;
				TARGETED_DEVICE_FAMILY = "1,2";
				TEST_TARGET_NAME = Cloudyyy_App;
			};
			name = Debug;
		};
		6FF3D3972EBB34840022B8BC /* Release */ = {
			isa = XCBuildConfiguration;
			buildSettings = {
				CODE_SIGN_STYLE = Automatic;
				CURRENT_PROJECT_VERSION = 1;
				GENERATE_INFOPLIST_FILE = YES;
				MARKETING_VERSION = 1.0;
				PRODUCT_BUNDLE_IDENTIFIER = "com.guruprasaath.Cloudyyy-AppUITests";
				PRODUCT_NAME = "$(TARGET_NAME)";
				STRING_CATALOG_GENERATE_SYMBOLS = NO;
				SWIFT_APPROACHABLE_CONCURRENCY = YES;
				SWIFT_EMIT_LOC_STRINGS = NO;
				SWIFT_UPCOMING_FEATURE_MEMBER_IMPORT_VISIBILITY = YES;
				SWIFT_VERSION = 5.0;
				TARGETED_DEVICE_FAMILY = "1,2";
				TEST_TARGET_NAME = Cloudyyy_App;
			};
			name = Release;
		};
/* End XCBuildConfiguration section */

/* Begin XCConfigurationList section */
		6FF3D35F2EBB34820022B8BC /* Build configuration list for PBXProject "Cloudyyy_App" */ = {
			isa = XCConfigurationList;
			buildConfigurations = (
				6FF3D3902EBB34840022B8BC /* Debug */,
				6FF3D3912EBB34840022B8BC /* Release */,
			);
			defaultConfigurationIsVisible = 0;
			defaultConfigurationName = Release;
		};
		6FF3D38D2EBB34840022B8BC /* Build configuration list for PBXNativeTarget "Cloudyyy_App" */ = {
			isa = XCConfigurationList;
			buildConfigurations = (
				6FF3D38E2EBB34840022B8BC /* Debug */,
				6FF3D38F2EBB34840022B8BC /* Release */,
			);
			defaultConfigurationIsVisible = 0;
			defaultConfigurationName = Release;
		};
		6FF3D3922EBB34840022B8BC /* Build configuration list for PBXNativeTarget "Cloudyyy_AppTests" */ = {
			isa = XCConfigurationList;
			buildConfigurations = (
				6FF3D3932EBB34840022B8BC /* Debug */,
				6FF3D3942EBB34840022B8BC /* Release */,
			);
			defaultConfigurationIsVisible = 0;
			defaultConfigurationName = Release;
		};
		6FF3D3952EBB34840022B8BC /* Build configuration list for PBXNativeTarget "Cloudyyy_AppUITests" */ = {
			isa = XCConfigurationList;
			buildConfigurations = (
				6FF3D3962EBB34840022B8BC /* Debug */,
				6FF3D3972EBB34840022B8BC /* Release */,
			);
			defaultConfigurationIsVisible = 0;
			defaultConfigurationName = Release;
		};
/* End XCConfigurationList section */
	};
	rootObject = 6FF3D35C2EBB34820022B8BC /* Project object */;
}
